{
  "name": "queueshare",
  "version": "0.0.1",
  "lockfileVersion": 1,
  "requires": true,
  "dependencies": {
    "cl-args": {
      "version": "file:local_node_modules/cl-args"
    },
    "commander": {
      "version": "5.1.0",
      "resolved": "https://registry.npmjs.org/commander/-/commander-5.1.0.tgz",
      "integrity": "sha512-P0CysNDQ7rtVw4QIQtm+MRxV66vKFSvlsQvGYXZWR3qFU0jlMKHZZZgw8e+8DSah4UDKMqnknRDQz+xuQXQ/Zg=="
    },
    "default-queueshare-config": {
      "version": "file:local_node_modules/default-queueshare-config"
    },
    "queueshare-process-messages": {
      "version": "file:local_node_modules/queueshare-process-messages"
    },
    "shallow-copy": {
      "version": "file:local_node_modules/shallow-copy"
    },
    "start-queueshare": {
      "version": "file:local_node_modules/start-queueshare"
    }
  }
}
